
Microsoft Visual Studio Solution File, Format Version 12.00
# Visual Studio 15
VisualStudioVersion = 15.0.27428.2015
MinimumVisualStudioVersion = 10.0.40219.1
Project("{FAE04EC0-301F-11D3-BF4B-00C04F79EFBC}") = "StageEditor", "StageEditor\StageEditor.csproj", "{D0DD92AF-FC6D-49C3-B321-0903683F5175}"
EndProject
Global
	GlobalSection(SolutionConfigurationPlatforms) = preSolution
		Debug|Any CPU = Debug|Any CPU
		Release|Any CPU = Release|Any CPU
	EndGlobalSection
	GlobalSection(ProjectConfigurationPlatforms) = postSolution
		{D0DD92AF-FC6D-49C3-B321-0903683F5175}.Debug|Any CPU.ActiveCfg = Debug|Any CPU
		{D0DD92AF-FC6D-49C3-B321-0903683F5175}.Debug|Any CPU.Build.0 = Debug|Any CPU
		{D0DD92AF-FC6D-49C3-B321-0903683F5175}.Release|Any CPU.ActiveCfg = Release|Any CPU
		{D0DD92AF-FC6D-49C3-B321-0903683F5175}.Release|Any CPU.Build.0 = Release|Any CPU
	EndGlobalSection
	GlobalSection(SolutionProperties) = preSolution
		HideSolutionNode = FALSE
	EndGlobalSection
	GlobalSection(ExtensibilityGlobals) = postSolution
		SolutionGuid = {EB4BE400-FB12-492A-B309-2F4884C6B610}
	EndGlobalSection
EndGlobal
